
Microsoft Visual Studio Solution File, Format Version 12.00
# Visual Studio Version 16
VisualStudioVersion = 16.0.32002.261
MinimumVisualStudioVersion = 10.0.40219.1
Project("{9A19103F-16F7-4668-BE54-9A1E7A4F7556}") = "E965.Module", "E965.Module\E965.Module.csproj", "{50CD5143-E3EC-4AF6-8E4B-512272F8DCCB}"
EndProject
Project("{9A19103F-16F7-4668-BE54-9A1E7A4F7556}") = "E965.Module.Win", "E965.Module.Win\E965.Module.Win.csproj", "{2212B481-8E73-484E-8200-E899C9DEB13A}"
EndProject
Project("{9A19103F-16F7-4668-BE54-9A1E7A4F7556}") = "E965.Win", "E965.Win\E965.Win.csproj", "{B87EA59B-2D73-4180-A6D4-19EA89EA62AD}"
EndProject
Project("{9A19103F-16F7-4668-BE54-9A1E7A4F7556}") = "E965.Module.Blazor", "E965.Module.Blazor\E965.Module.Blazor.csproj", "{5C8F61C7-DB86-4992-9E5F-42AAD56CE446}"
EndProject
Project("{9A19103F-16F7-4668-BE54-9A1E7A4F7556}") = "E965.Blazor.Server", "E965.Blazor.Server\E965.Blazor.Server.csproj", "{84C477F5-64AB-44E9-9A88-0C5E04A46BB3}"
EndProject
Project("{9A19103F-16F7-4668-BE54-9A1E7A4F7556}") = "FileSystemData", "FileSystemData\FileSystemData.csproj", "{62F580DB-84DF-43B3-B090-3D4A28790E87}"
EndProject
Project("{FAE04EC0-301F-11D3-BF4B-00C04F79EFBC}") = "E965.Module.Web", "E965.Module.Web\E965.Module.Web.csproj", "{8257E376-9484-40E6-A1C8-CEB30891394B}"
EndProject
Project("{FAE04EC0-301F-11D3-BF4B-00C04F79EFBC}") = "E965.Web", "E965.Web\E965.Web.csproj", "{71EDC671-B250-4097-BBAF-98200374CABC}"
EndProject
Global
	GlobalSection(SolutionConfigurationPlatforms) = preSolution
		Debug|Any CPU = Debug|Any CPU
		EasyTest|Any CPU = EasyTest|Any CPU
		Release|Any CPU = Release|Any CPU
	EndGlobalSection
	GlobalSection(ProjectConfigurationPlatforms) = postSolution
		{50CD5143-E3EC-4AF6-8E4B-512272F8DCCB}.Debug|Any CPU.ActiveCfg = Debug|Any CPU
		{50CD5143-E3EC-4AF6-8E4B-512272F8DCCB}.Debug|Any CPU.Build.0 = Debug|Any CPU
		{50CD5143-E3EC-4AF6-8E4B-512272F8DCCB}.EasyTest|Any CPU.ActiveCfg = EasyTest|Any CPU
		{50CD5143-E3EC-4AF6-8E4B-512272F8DCCB}.EasyTest|Any CPU.Build.0 = EasyTest|Any CPU
		{50CD5143-E3EC-4AF6-8E4B-512272F8DCCB}.Release|Any CPU.ActiveCfg = Release|Any CPU
		{50CD5143-E3EC-4AF6-8E4B-512272F8DCCB}.Release|Any CPU.Build.0 = Release|Any CPU
		{2212B481-8E73-484E-8200-E899C9DEB13A}.Debug|Any CPU.ActiveCfg = Debug|Any CPU
		{2212B481-8E73-484E-8200-E899C9DEB13A}.Debug|Any CPU.Build.0 = Debug|Any CPU
		{2212B481-8E73-484E-8200-E899C9DEB13A}.EasyTest|Any CPU.ActiveCfg = EasyTest|Any CPU
		{2212B481-8E73-484E-8200-E899C9DEB13A}.EasyTest|Any CPU.Build.0 = EasyTest|Any CPU
		{2212B481-8E73-484E-8200-E899C9DEB13A}.Release|Any CPU.ActiveCfg = Release|Any CPU
		{2212B481-8E73-484E-8200-E899C9DEB13A}.Release|Any CPU.Build.0 = Release|Any CPU
		{B87EA59B-2D73-4180-A6D4-19EA89EA62AD}.Debug|Any CPU.ActiveCfg = Debug|Any CPU
		{B87EA59B-2D73-4180-A6D4-19EA89EA62AD}.Debug|Any CPU.Build.0 = Debug|Any CPU
		{B87EA59B-2D73-4180-A6D4-19EA89EA62AD}.EasyTest|Any CPU.ActiveCfg = EasyTest|Any CPU
		{B87EA59B-2D73-4180-A6D4-19EA89EA62AD}.EasyTest|Any CPU.Build.0 = EasyTest|Any CPU
		{B87EA59B-2D73-4180-A6D4-19EA89EA62AD}.Release|Any CPU.ActiveCfg = Release|Any CPU
		{B87EA59B-2D73-4180-A6D4-19EA89EA62AD}.Release|Any CPU.Build.0 = Release|Any CPU
		{5C8F61C7-DB86-4992-9E5F-42AAD56CE446}.Debug|Any CPU.ActiveCfg = Debug|Any CPU
		{5C8F61C7-DB86-4992-9E5F-42AAD56CE446}.Debug|Any CPU.Build.0 = Debug|Any CPU
		{5C8F61C7-DB86-4992-9E5F-42AAD56CE446}.EasyTest|Any CPU.ActiveCfg = EasyTest|Any CPU
		{5C8F61C7-DB86-4992-9E5F-42AAD56CE446}.EasyTest|Any CPU.Build.0 = EasyTest|Any CPU
		{5C8F61C7-DB86-4992-9E5F-42AAD56CE446}.Release|Any CPU.ActiveCfg = Release|Any CPU
		{5C8F61C7-DB86-4992-9E5F-42AAD56CE446}.Release|Any CPU.Build.0 = Release|Any CPU
		{84C477F5-64AB-44E9-9A88-0C5E04A46BB3}.Debug|Any CPU.ActiveCfg = Debug|Any CPU
		{84C477F5-64AB-44E9-9A88-0C5E04A46BB3}.Debug|Any CPU.Build.0 = Debug|Any CPU
		{84C477F5-64AB-44E9-9A88-0C5E04A46BB3}.EasyTest|Any CPU.ActiveCfg = EasyTest|Any CPU
		{84C477F5-64AB-44E9-9A88-0C5E04A46BB3}.EasyTest|Any CPU.Build.0 = EasyTest|Any CPU
		{84C477F5-64AB-44E9-9A88-0C5E04A46BB3}.Release|Any CPU.ActiveCfg = Release|Any CPU
		{84C477F5-64AB-44E9-9A88-0C5E04A46BB3}.Release|Any CPU.Build.0 = Release|Any CPU
		{62F580DB-84DF-43B3-B090-3D4A28790E87}.Debug|Any CPU.ActiveCfg = Debug|Any CPU
		{62F580DB-84DF-43B3-B090-3D4A28790E87}.Debug|Any CPU.Build.0 = Debug|Any CPU
		{62F580DB-84DF-43B3-B090-3D4A28790E87}.EasyTest|Any CPU.ActiveCfg = Debug|Any CPU
		{62F580DB-84DF-43B3-B090-3D4A28790E87}.EasyTest|Any CPU.Build.0 = Debug|Any CPU
		{62F580DB-84DF-43B3-B090-3D4A28790E87}.Release|Any CPU.ActiveCfg = Release|Any CPU
		{62F580DB-84DF-43B3-B090-3D4A28790E87}.Release|Any CPU.Build.0 = Release|Any CPU
		{8257E376-9484-40E6-A1C8-CEB30891394B}.Debug|Any CPU.ActiveCfg = Debug|Any CPU
		{8257E376-9484-40E6-A1C8-CEB30891394B}.Debug|Any CPU.Build.0 = Debug|Any CPU
		{8257E376-9484-40E6-A1C8-CEB30891394B}.EasyTest|Any CPU.ActiveCfg = EasyTest|Any CPU
		{8257E376-9484-40E6-A1C8-CEB30891394B}.EasyTest|Any CPU.Build.0 = EasyTest|Any CPU
		{8257E376-9484-40E6-A1C8-CEB30891394B}.Release|Any CPU.ActiveCfg = Release|Any CPU
		{8257E376-9484-40E6-A1C8-CEB30891394B}.Release|Any CPU.Build.0 = Release|Any CPU
		{71EDC671-B250-4097-BBAF-98200374CABC}.Debug|Any CPU.ActiveCfg = Debug|Any CPU
		{71EDC671-B250-4097-BBAF-98200374CABC}.Debug|Any CPU.Build.0 = Debug|Any CPU
		{71EDC671-B250-4097-BBAF-98200374CABC}.EasyTest|Any CPU.ActiveCfg = EasyTest|Any CPU
		{71EDC671-B250-4097-BBAF-98200374CABC}.EasyTest|Any CPU.Build.0 = EasyTest|Any CPU
		{71EDC671-B250-4097-BBAF-98200374CABC}.Release|Any CPU.ActiveCfg = Release|Any CPU
		{71EDC671-B250-4097-BBAF-98200374CABC}.Release|Any CPU.Build.0 = Release|Any CPU
	EndGlobalSection
	GlobalSection(SolutionProperties) = preSolution
		HideSolutionNode = FALSE
	EndGlobalSection
	GlobalSection(ExtensibilityGlobals) = postSolution
		SolutionGuid = {6A9E4B75-3E74-429F-AD4C-FD0AE198964B}
	EndGlobalSection
EndGlobal
