Microsoft Visual Studio Solution File, Format Version 12.00
# Visual Studio 2013
VisualStudioVersion = 12.0.31101.0
MinimumVisualStudioVersion = 10.0.40219.1
Project("{2150E333-8FDC-42A3-9474-1A3956D46DE8}") = "E965.EasyTests", "E965.EasyTests", "{1D2CD99F-605C-43DA-B92C-303B288E7CF6}"
	ProjectSection(SolutionItems) = preProject
		E965.EasyTests\Config.xml = E965.EasyTests\Config.xml
		E965.EasyTests\E965.ets = E965.EasyTests\E965.ets
	EndProjectSection
EndProject
Project("{F184B08F-C81C-45F6-A57F-5ABD9991F28F}") = "E965.Module", "E965.Module\E965.Module.vbproj", "{5789B241-59CA-469B-B581-F918E08D5B62}"
EndProject
Project("{F184B08F-C81C-45F6-A57F-5ABD9991F28F}") = "E965.Web", "E965.Web\E965.Web.vbproj", "{1BEBB488-186D-48E1-8504-EACB7B33687A}"
EndProject
Project("{F184B08F-C81C-45F6-A57F-5ABD9991F28F}") = "E965.Win", "E965.Win\E965.Win.vbproj", "{E19DCED9-F38E-41B9-AE7F-F3EA0944AC6B}"
EndProject
Project("{F184B08F-C81C-45F6-A57F-5ABD9991F28F}") = "FileSystemData", "FileSystemData\FileSystemData.vbproj", "{CA5F7C78-D46D-4DAB-AF51-61E0481C4AEA}"
EndProject
Global
	GlobalSection(SolutionConfigurationPlatforms) = preSolution
		Debug|Any CPU = Debug|Any CPU
		EasyTest|Any CPU = EasyTest|Any CPU
		Release|Any CPU = Release|Any CPU
	EndGlobalSection
	GlobalSection(ProjectConfigurationPlatforms) = postSolution
		{5789B241-59CA-469B-B581-F918E08D5B62}.Debug|Any CPU.ActiveCfg = Debug|Any CPU
		{5789B241-59CA-469B-B581-F918E08D5B62}.Debug|Any CPU.Build.0 = Debug|Any CPU
		{5789B241-59CA-469B-B581-F918E08D5B62}.EasyTest|Any CPU.ActiveCfg = EasyTest|Any CPU
		{5789B241-59CA-469B-B581-F918E08D5B62}.EasyTest|Any CPU.Build.0 = EasyTest|Any CPU
		{5789B241-59CA-469B-B581-F918E08D5B62}.Release|Any CPU.ActiveCfg = Release|Any CPU
		{5789B241-59CA-469B-B581-F918E08D5B62}.Release|Any CPU.Build.0 = Release|Any CPU
		{1BEBB488-186D-48E1-8504-EACB7B33687A}.Debug|Any CPU.ActiveCfg = Debug|Any CPU
		{1BEBB488-186D-48E1-8504-EACB7B33687A}.Debug|Any CPU.Build.0 = Debug|Any CPU
		{1BEBB488-186D-48E1-8504-EACB7B33687A}.EasyTest|Any CPU.ActiveCfg = EasyTest|Any CPU
		{1BEBB488-186D-48E1-8504-EACB7B33687A}.EasyTest|Any CPU.Build.0 = EasyTest|Any CPU
		{1BEBB488-186D-48E1-8504-EACB7B33687A}.Release|Any CPU.ActiveCfg = Release|Any CPU
		{1BEBB488-186D-48E1-8504-EACB7B33687A}.Release|Any CPU.Build.0 = Release|Any CPU
		{E19DCED9-F38E-41B9-AE7F-F3EA0944AC6B}.Debug|Any CPU.ActiveCfg = Debug|Any CPU
		{E19DCED9-F38E-41B9-AE7F-F3EA0944AC6B}.Debug|Any CPU.Build.0 = Debug|Any CPU
		{E19DCED9-F38E-41B9-AE7F-F3EA0944AC6B}.EasyTest|Any CPU.ActiveCfg = EasyTest|Any CPU
		{E19DCED9-F38E-41B9-AE7F-F3EA0944AC6B}.EasyTest|Any CPU.Build.0 = EasyTest|Any CPU
		{E19DCED9-F38E-41B9-AE7F-F3EA0944AC6B}.Release|Any CPU.ActiveCfg = Release|Any CPU
		{E19DCED9-F38E-41B9-AE7F-F3EA0944AC6B}.Release|Any CPU.Build.0 = Release|Any CPU
		{CA5F7C78-D46D-4DAB-AF51-61E0481C4AEA}.Debug|Any CPU.ActiveCfg = Debug|Any CPU
		{CA5F7C78-D46D-4DAB-AF51-61E0481C4AEA}.Debug|Any CPU.Build.0 = Debug|Any CPU
		{CA5F7C78-D46D-4DAB-AF51-61E0481C4AEA}.EasyTest|Any CPU.ActiveCfg = Release|Any CPU
		{CA5F7C78-D46D-4DAB-AF51-61E0481C4AEA}.EasyTest|Any CPU.Build.0 = Release|Any CPU
		{CA5F7C78-D46D-4DAB-AF51-61E0481C4AEA}.Release|Any CPU.ActiveCfg = Release|Any CPU
		{CA5F7C78-D46D-4DAB-AF51-61E0481C4AEA}.Release|Any CPU.Build.0 = Release|Any CPU
	EndGlobalSection
	GlobalSection(SolutionProperties) = preSolution
		HideSolutionNode = FALSE
	EndGlobalSection
EndGlobal
