
Microsoft Visual Studio Solution File, Format Version 12.00
# Visual Studio Version 17
VisualStudioVersion = 17.5.33424.131
MinimumVisualStudioVersion = 10.0.40219.1
Project("{9A19103F-16F7-4668-BE54-9A1E7A4F7556}") = "E965.Module", "E965.Module\E965.Module.csproj", "{6BE8305C-EA33-4463-B46C-CBA7357CE01C}"
EndProject
Project("{9A19103F-16F7-4668-BE54-9A1E7A4F7556}") = "E965.Win", "E965.Win\E965.Win.csproj", "{3A6E9375-602E-47FC-A0B7-A0EB5C7480D0}"
EndProject
Project("{9A19103F-16F7-4668-BE54-9A1E7A4F7556}") = "E965.Blazor.Server", "E965.Blazor.Server\E965.Blazor.Server.csproj", "{0572D3A0-17BA-40C8-B95D-E69D3E890BFD}"
EndProject
Project("{9A19103F-16F7-4668-BE54-9A1E7A4F7556}") = "FileSystemData", "FileSystemData\FileSystemData.csproj", "{3FF306D9-7301-4ECD-8F8D-71EB6D42CD89}"
EndProject
Global
	GlobalSection(SolutionConfigurationPlatforms) = preSolution
		Debug|Any CPU = Debug|Any CPU
		EasyTest|Any CPU = EasyTest|Any CPU
		Release|Any CPU = Release|Any CPU
	EndGlobalSection
	GlobalSection(ProjectConfigurationPlatforms) = postSolution
		{6BE8305C-EA33-4463-B46C-CBA7357CE01C}.Debug|Any CPU.ActiveCfg = Debug|Any CPU
		{6BE8305C-EA33-4463-B46C-CBA7357CE01C}.Debug|Any CPU.Build.0 = Debug|Any CPU
		{6BE8305C-EA33-4463-B46C-CBA7357CE01C}.EasyTest|Any CPU.ActiveCfg = EasyTest|Any CPU
		{6BE8305C-EA33-4463-B46C-CBA7357CE01C}.EasyTest|Any CPU.Build.0 = EasyTest|Any CPU
		{6BE8305C-EA33-4463-B46C-CBA7357CE01C}.Release|Any CPU.ActiveCfg = Release|Any CPU
		{6BE8305C-EA33-4463-B46C-CBA7357CE01C}.Release|Any CPU.Build.0 = Release|Any CPU
		{3A6E9375-602E-47FC-A0B7-A0EB5C7480D0}.Debug|Any CPU.ActiveCfg = Debug|Any CPU
		{3A6E9375-602E-47FC-A0B7-A0EB5C7480D0}.Debug|Any CPU.Build.0 = Debug|Any CPU
		{3A6E9375-602E-47FC-A0B7-A0EB5C7480D0}.EasyTest|Any CPU.ActiveCfg = EasyTest|Any CPU
		{3A6E9375-602E-47FC-A0B7-A0EB5C7480D0}.EasyTest|Any CPU.Build.0 = EasyTest|Any CPU
		{3A6E9375-602E-47FC-A0B7-A0EB5C7480D0}.Release|Any CPU.ActiveCfg = Release|Any CPU
		{3A6E9375-602E-47FC-A0B7-A0EB5C7480D0}.Release|Any CPU.Build.0 = Release|Any CPU
		{0572D3A0-17BA-40C8-B95D-E69D3E890BFD}.Debug|Any CPU.ActiveCfg = Debug|Any CPU
		{0572D3A0-17BA-40C8-B95D-E69D3E890BFD}.Debug|Any CPU.Build.0 = Debug|Any CPU
		{0572D3A0-17BA-40C8-B95D-E69D3E890BFD}.EasyTest|Any CPU.ActiveCfg = EasyTest|Any CPU
		{0572D3A0-17BA-40C8-B95D-E69D3E890BFD}.EasyTest|Any CPU.Build.0 = EasyTest|Any CPU
		{0572D3A0-17BA-40C8-B95D-E69D3E890BFD}.Release|Any CPU.ActiveCfg = Release|Any CPU
		{0572D3A0-17BA-40C8-B95D-E69D3E890BFD}.Release|Any CPU.Build.0 = Release|Any CPU
		{3FF306D9-7301-4ECD-8F8D-71EB6D42CD89}.Debug|Any CPU.ActiveCfg = Debug|Any CPU
		{3FF306D9-7301-4ECD-8F8D-71EB6D42CD89}.Debug|Any CPU.Build.0 = Debug|Any CPU
		{3FF306D9-7301-4ECD-8F8D-71EB6D42CD89}.EasyTest|Any CPU.ActiveCfg = Debug|Any CPU
		{3FF306D9-7301-4ECD-8F8D-71EB6D42CD89}.EasyTest|Any CPU.Build.0 = Debug|Any CPU
		{3FF306D9-7301-4ECD-8F8D-71EB6D42CD89}.Release|Any CPU.ActiveCfg = Release|Any CPU
		{3FF306D9-7301-4ECD-8F8D-71EB6D42CD89}.Release|Any CPU.Build.0 = Release|Any CPU
	EndGlobalSection
	GlobalSection(SolutionProperties) = preSolution
		HideSolutionNode = FALSE
	EndGlobalSection
EndGlobal
